PODS:
  - Alamofire (5.7.1)
  - SkeletonView (1.30.4)

DEPENDENCIES:
  - Alamofire
  - SkeletonView

SPEC REPOS:
  trunk:
    - Alamofire
    - SkeletonView

SPEC CHECKSUMS:
  Alamofire: 0123a34370cb170936ae79a8df46cc62b2edeb88
  SkeletonView: 5a050f6411e697abd4cda0a8d767013399dccd69

PODFILE CHECKSUM: 7877b99e96f168d4ed920a8bc4f2f3da621f9a6b

COCOAPODS: 1.12.1
